
Microsoft Visual Studio Solution File, Format Version 12.00
# Visual Studio Version 17
VisualStudioVersion = 17.5.002.0
MinimumVisualStudioVersion = 10.0.40219.1
Project("{2150E333-8FDC-42A3-9474-1A3956D46DE8}") = "csharp-prep", "csharp-prep", "{00992304-5523-41D7-A603-51FFE96C6FC5}"
EndProject
Project("{9A19103F-16F7-4668-BE54-9A1E7A4F7556}") = "Prep1", "csharp-prep\Prep1\Prep1.csproj", "{5DF36BA3-85AB-458B-9F65-5AE6772FF426}"
EndProject
Project("{9A19103F-16F7-4668-BE54-9A1E7A4F7556}") = "Prep2", "csharp-prep\Prep2\Prep2.csproj", "{BBF1019D-91AA-4D13-9030-38CE6DDFFFD3}"
EndProject
Project("{9A19103F-16F7-4668-BE54-9A1E7A4F7556}") = "Prep3", "csharp-prep\Prep3\Prep3.csproj", "{4C917FB8-3828-49F8-922C-E7EEACDCEA6A}"
EndProject
Project("{9A19103F-16F7-4668-BE54-9A1E7A4F7556}") = "Prep4", "csharp-prep\Prep4\Prep4.csproj", "{2B24B8BA-04F0-4D84-A981-1A598CC5A6D6}"
EndProject
Project("{9A19103F-16F7-4668-BE54-9A1E7A4F7556}") = "Prep5", "csharp-prep\Prep5\Prep5.csproj", "{F175ABC6-06F8-445A-8AB3-6580AF5713B5}"
EndProject
Project("{2150E333-8FDC-42A3-9474-1A3956D46DE8}") = "final", "final", "{EE5AB4FC-84CF-4CC9-A5CF-1F3D03DC5504}"
EndProject
Project("{9A19103F-16F7-4668-BE54-9A1E7A4F7556}") = "FinalProject", "final\FinalProject\FinalProject.csproj", "{C25CE963-593D-417A-8334-4B61868D9582}"
EndProject
Project("{9A19103F-16F7-4668-BE54-9A1E7A4F7556}") = "Foundation1", "final\Foundation1\Foundation1.csproj", "{AC602FDA-8740-4D9B-BB6C-92B868823724}"
EndProject
Project("{9A19103F-16F7-4668-BE54-9A1E7A4F7556}") = "Foundation2", "final\Foundation2\Foundation2.csproj", "{17E95543-4060-4E4E-BBDC-6FDE02980444}"
EndProject
Project("{9A19103F-16F7-4668-BE54-9A1E7A4F7556}") = "Foundation3", "final\Foundation3\Foundation3.csproj", "{68C22CAD-5F34-454E-B374-6D60EEDCC43D}"
EndProject
Project("{9A19103F-16F7-4668-BE54-9A1E7A4F7556}") = "Foundation4", "final\Foundation4\Foundation4.csproj", "{CFA49767-4AB2-4F51-A224-32CBCB164598}"
EndProject
Project("{2150E333-8FDC-42A3-9474-1A3956D46DE8}") = "prepare", "prepare", "{8C46760D-3EA8-457C-B624-AB1C3E369C53}"
EndProject
Project("{9A19103F-16F7-4668-BE54-9A1E7A4F7556}") = "Learning02", "prepare\Learning02\Learning02.csproj", "{0C68A49D-7CC6-4169-AE97-A61E10D8DE0F}"
EndProject
Project("{9A19103F-16F7-4668-BE54-9A1E7A4F7556}") = "Learning03", "prepare\Learning03\Learning03.csproj", "{B968F119-ABF1-41B1-8901-B3140C0A4095}"
EndProject
Project("{9A19103F-16F7-4668-BE54-9A1E7A4F7556}") = "Learning04", "prepare\Learning04\Learning04.csproj", "{99956C9B-EE69-4A59-A172-EAC93B856B2F}"
EndProject
Project("{9A19103F-16F7-4668-BE54-9A1E7A4F7556}") = "Learning05", "prepare\Learning05\Learning05.csproj", "{B90DB0D0-08D7-43A1-A008-4DADA029ED23}"
EndProject
Project("{2150E333-8FDC-42A3-9474-1A3956D46DE8}") = "prove", "prove", "{4BA31EF9-A0B5-4762-B503-F55EC35E6B82}"
EndProject
Project("{9A19103F-16F7-4668-BE54-9A1E7A4F7556}") = "Develop02", "prove\Develop02\Develop02.csproj", "{D5D81DB0-B5EB-49DE-BB7E-B288E3F01773}"
EndProject
Project("{9A19103F-16F7-4668-BE54-9A1E7A4F7556}") = "Develop03", "prove\Develop03\Develop03.csproj", "{FF87B79E-68D4-4FC7-AD1D-3BAAA3071152}"
EndProject
Project("{9A19103F-16F7-4668-BE54-9A1E7A4F7556}") = "Develop04", "prove\Develop04\Develop04.csproj", "{53B4603B-08D0-47C5-89AA-7E04D13AD89F}"
EndProject
Project("{9A19103F-16F7-4668-BE54-9A1E7A4F7556}") = "Develop05", "prove\Develop05\Develop05.csproj", "{DBCE00FC-02D2-4F42-8330-172953E6112A}"
EndProject
Project("{2150E333-8FDC-42A3-9474-1A3956D46DE8}") = "sandbox", "sandbox", "{93F4657B-2F49-4020-9E8D-536F88315A03}"
EndProject
Project("{9A19103F-16F7-4668-BE54-9A1E7A4F7556}") = "Sandbox", "sandbox\Sandbox\Sandbox.csproj", "{181C9892-6D1E-4D5A-9BC1-7F12BA4AFA53}"
EndProject
Global
	GlobalSection(SolutionConfigurationPlatforms) = preSolution
		Debug|Any CPU = Debug|Any CPU
		Release|Any CPU = Release|Any CPU
	EndGlobalSection
	GlobalSection(ProjectConfigurationPlatforms) = postSolution
		{5DF36BA3-85AB-458B-9F65-5AE6772FF426}.Debug|Any CPU.ActiveCfg = Debug|Any CPU
		{5DF36BA3-85AB-458B-9F65-5AE6772FF426}.Debug|Any CPU.Build.0 = Debug|Any CPU
		{5DF36BA3-85AB-458B-9F65-5AE6772FF426}.Release|Any CPU.ActiveCfg = Release|Any CPU
		{5DF36BA3-85AB-458B-9F65-5AE6772FF426}.Release|Any CPU.Build.0 = Release|Any CPU
		{BBF1019D-91AA-4D13-9030-38CE6DDFFFD3}.Debug|Any CPU.ActiveCfg = Debug|Any CPU
		{BBF1019D-91AA-4D13-9030-38CE6DDFFFD3}.Debug|Any CPU.Build.0 = Debug|Any CPU
		{BBF1019D-91AA-4D13-9030-38CE6DDFFFD3}.Release|Any CPU.ActiveCfg = Release|Any CPU
		{BBF1019D-91AA-4D13-9030-38CE6DDFFFD3}.Release|Any CPU.Build.0 = Release|Any CPU
		{4C917FB8-3828-49F8-922C-E7EEACDCEA6A}.Debug|Any CPU.ActiveCfg = Debug|Any CPU
		{4C917FB8-3828-49F8-922C-E7EEACDCEA6A}.Debug|Any CPU.Build.0 = Debug|Any CPU
		{4C917FB8-3828-49F8-922C-E7EEACDCEA6A}.Release|Any CPU.ActiveCfg = Release|Any CPU
		{4C917FB8-3828-49F8-922C-E7EEACDCEA6A}.Release|Any CPU.Build.0 = Release|Any CPU
		{2B24B8BA-04F0-4D84-A981-1A598CC5A6D6}.Debug|Any CPU.ActiveCfg = Debug|Any CPU
		{2B24B8BA-04F0-4D84-A981-1A598CC5A6D6}.Debug|Any CPU.Build.0 = Debug|Any CPU
		{2B24B8BA-04F0-4D84-A981-1A598CC5A6D6}.Release|Any CPU.ActiveCfg = Release|Any CPU
		{2B24B8BA-04F0-4D84-A981-1A598CC5A6D6}.Release|Any CPU.Build.0 = Release|Any CPU
		{F175ABC6-06F8-445A-8AB3-6580AF5713B5}.Debug|Any CPU.ActiveCfg = Debug|Any CPU
		{F175ABC6-06F8-445A-8AB3-6580AF5713B5}.Debug|Any CPU.Build.0 = Debug|Any CPU
		{F175ABC6-06F8-445A-8AB3-6580AF5713B5}.Release|Any CPU.ActiveCfg = Release|Any CPU
		{F175ABC6-06F8-445A-8AB3-6580AF5713B5}.Release|Any CPU.Build.0 = Release|Any CPU
		{C25CE963-593D-417A-8334-4B61868D9582}.Debug|Any CPU.ActiveCfg = Debug|Any CPU
		{C25CE963-593D-417A-8334-4B61868D9582}.Debug|Any CPU.Build.0 = Debug|Any CPU
		{C25CE963-593D-417A-8334-4B61868D9582}.Release|Any CPU.ActiveCfg = Release|Any CPU
		{C25CE963-593D-417A-8334-4B61868D9582}.Release|Any CPU.Build.0 = Release|Any CPU
		{AC602FDA-8740-4D9B-BB6C-92B868823724}.Debug|Any CPU.ActiveCfg = Debug|Any CPU
		{AC602FDA-8740-4D9B-BB6C-92B868823724}.Debug|Any CPU.Build.0 = Debug|Any CPU
		{AC602FDA-8740-4D9B-BB6C-92B868823724}.Release|Any CPU.ActiveCfg = Release|Any CPU
		{AC602FDA-8740-4D9B-BB6C-92B868823724}.Release|Any CPU.Build.0 = Release|Any CPU
		{17E95543-4060-4E4E-BBDC-6FDE02980444}.Debug|Any CPU.ActiveCfg = Debug|Any CPU
		{17E95543-4060-4E4E-BBDC-6FDE02980444}.Debug|Any CPU.Build.0 = Debug|Any CPU
		{17E95543-4060-4E4E-BBDC-6FDE02980444}.Release|Any CPU.ActiveCfg = Release|Any CPU
		{17E95543-4060-4E4E-BBDC-6FDE02980444}.Release|Any CPU.Build.0 = Release|Any CPU
		{68C22CAD-5F34-454E-B374-6D60EEDCC43D}.Debug|Any CPU.ActiveCfg = Debug|Any CPU
		{68C22CAD-5F34-454E-B374-6D60EEDCC43D}.Debug|Any CPU.Build.0 = Debug|Any CPU
		{68C22CAD-5F34-454E-B374-6D60EEDCC43D}.Release|Any CPU.ActiveCfg = Release|Any CPU
		{68C22CAD-5F34-454E-B374-6D60EEDCC43D}.Release|Any CPU.Build.0 = Release|Any CPU
		{CFA49767-4AB2-4F51-A224-32CBCB164598}.Debug|Any CPU.ActiveCfg = Debug|Any CPU
		{CFA49767-4AB2-4F51-A224-32CBCB164598}.Debug|Any CPU.Build.0 = Debug|Any CPU
		{CFA49767-4AB2-4F51-A224-32CBCB164598}.Release|Any CPU.ActiveCfg = Release|Any CPU
		{CFA49767-4AB2-4F51-A224-32CBCB164598}.Release|Any CPU.Build.0 = Release|Any CPU
		{0C68A49D-7CC6-4169-AE97-A61E10D8DE0F}.Debug|Any CPU.ActiveCfg = Debug|Any CPU
		{0C68A49D-7CC6-4169-AE97-A61E10D8DE0F}.Debug|Any CPU.Build.0 = Debug|Any CPU
		{0C68A49D-7CC6-4169-AE97-A61E10D8DE0F}.Release|Any CPU.ActiveCfg = Release|Any CPU
		{0C68A49D-7CC6-4169-AE97-A61E10D8DE0F}.Release|Any CPU.Build.0 = Release|Any CPU
		{B968F119-ABF1-41B1-8901-B3140C0A4095}.Debug|Any CPU.ActiveCfg = Debug|Any CPU
		{B968F119-ABF1-41B1-8901-B3140C0A4095}.Debug|Any CPU.Build.0 = Debug|Any CPU
		{B968F119-ABF1-41B1-8901-B3140C0A4095}.Release|Any CPU.ActiveCfg = Release|Any CPU
		{B968F119-ABF1-41B1-8901-B3140C0A4095}.Release|Any CPU.Build.0 = Release|Any CPU
		{99956C9B-EE69-4A59-A172-EAC93B856B2F}.Debug|Any CPU.ActiveCfg = Debug|Any CPU
		{99956C9B-EE69-4A59-A172-EAC93B856B2F}.Debug|Any CPU.Build.0 = Debug|Any CPU
		{99956C9B-EE69-4A59-A172-EAC93B856B2F}.Release|Any CPU.ActiveCfg = Release|Any CPU
		{99956C9B-EE69-4A59-A172-EAC93B856B2F}.Release|Any CPU.Build.0 = Release|Any CPU
		{B90DB0D0-08D7-43A1-A008-4DADA029ED23}.Debug|Any CPU.ActiveCfg = Debug|Any CPU
		{B90DB0D0-08D7-43A1-A008-4DADA029ED23}.Debug|Any CPU.Build.0 = Debug|Any CPU
		{B90DB0D0-08D7-43A1-A008-4DADA029ED23}.Release|Any CPU.ActiveCfg = Release|Any CPU
		{B90DB0D0-08D7-43A1-A008-4DADA029ED23}.Release|Any CPU.Build.0 = Release|Any CPU
		{D5D81DB0-B5EB-49DE-BB7E-B288E3F01773}.Debug|Any CPU.ActiveCfg = Debug|Any CPU
		{D5D81DB0-B5EB-49DE-BB7E-B288E3F01773}.Debug|Any CPU.Build.0 = Debug|Any CPU
		{D5D81DB0-B5EB-49DE-BB7E-B288E3F01773}.Release|Any CPU.ActiveCfg = Release|Any CPU
		{D5D81DB0-B5EB-49DE-BB7E-B288E3F01773}.Release|Any CPU.Build.0 = Release|Any CPU
		{FF87B79E-68D4-4FC7-AD1D-3BAAA3071152}.Debug|Any CPU.ActiveCfg = Debug|Any CPU
		{FF87B79E-68D4-4FC7-AD1D-3BAAA3071152}.Debug|Any CPU.Build.0 = Debug|Any CPU
		{FF87B79E-68D4-4FC7-AD1D-3BAAA3071152}.Release|Any CPU.ActiveCfg = Release|Any CPU
		{FF87B79E-68D4-4FC7-AD1D-3BAAA3071152}.Release|Any CPU.Build.0 = Release|Any CPU
		{53B4603B-08D0-47C5-89AA-7E04D13AD89F}.Debug|Any CPU.ActiveCfg = Debug|Any CPU
		{53B4603B-08D0-47C5-89AA-7E04D13AD89F}.Debug|Any CPU.Build.0 = Debug|Any CPU
		{53B4603B-08D0-47C5-89AA-7E04D13AD89F}.Release|Any CPU.ActiveCfg = Release|Any CPU
		{53B4603B-08D0-47C5-89AA-7E04D13AD89F}.Release|Any CPU.Build.0 = Release|Any CPU
		{DBCE00FC-02D2-4F42-8330-172953E6112A}.Debug|Any CPU.ActiveCfg = Debug|Any CPU
		{DBCE00FC-02D2-4F42-8330-172953E6112A}.Debug|Any CPU.Build.0 = Debug|Any CPU
		{DBCE00FC-02D2-4F42-8330-172953E6112A}.Release|Any CPU.ActiveCfg = Release|Any CPU
		{DBCE00FC-02D2-4F42-8330-172953E6112A}.Release|Any CPU.Build.0 = Release|Any CPU
		{181C9892-6D1E-4D5A-9BC1-7F12BA4AFA53}.Debug|Any CPU.ActiveCfg = Debug|Any CPU
		{181C9892-6D1E-4D5A-9BC1-7F12BA4AFA53}.Debug|Any CPU.Build.0 = Debug|Any CPU
		{181C9892-6D1E-4D5A-9BC1-7F12BA4AFA53}.Release|Any CPU.ActiveCfg = Release|Any CPU
		{181C9892-6D1E-4D5A-9BC1-7F12BA4AFA53}.Release|Any CPU.Build.0 = Release|Any CPU
	EndGlobalSection
	GlobalSection(SolutionProperties) = preSolution
		HideSolutionNode = FALSE
	EndGlobalSection
	GlobalSection(NestedProjects) = preSolution
		{5DF36BA3-85AB-458B-9F65-5AE6772FF426} = {00992304-5523-41D7-A603-51FFE96C6FC5}
		{BBF1019D-91AA-4D13-9030-38CE6DDFFFD3} = {00992304-5523-41D7-A603-51FFE96C6FC5}
		{4C917FB8-3828-49F8-922C-E7EEACDCEA6A} = {00992304-5523-41D7-A603-51FFE96C6FC5}
		{2B24B8BA-04F0-4D84-A981-1A598CC5A6D6} = {00992304-5523-41D7-A603-51FFE96C6FC5}
		{F175ABC6-06F8-445A-8AB3-6580AF5713B5} = {00992304-5523-41D7-A603-51FFE96C6FC5}
		{C25CE963-593D-417A-8334-4B61868D9582} = {EE5AB4FC-84CF-4CC9-A5CF-1F3D03DC5504}
		{AC602FDA-8740-4D9B-BB6C-92B868823724} = {EE5AB4FC-84CF-4CC9-A5CF-1F3D03DC5504}
		{17E95543-4060-4E4E-BBDC-6FDE02980444} = {EE5AB4FC-84CF-4CC9-A5CF-1F3D03DC5504}
		{68C22CAD-5F34-454E-B374-6D60EEDCC43D} = {EE5AB4FC-84CF-4CC9-A5CF-1F3D03DC5504}
		{CFA49767-4AB2-4F51-A224-32CBCB164598} = {EE5AB4FC-84CF-4CC9-A5CF-1F3D03DC5504}
		{0C68A49D-7CC6-4169-AE97-A61E10D8DE0F} = {8C46760D-3EA8-457C-B624-AB1C3E369C53}
		{B968F119-ABF1-41B1-8901-B3140C0A4095} = {8C46760D-3EA8-457C-B624-AB1C3E369C53}
		{99956C9B-EE69-4A59-A172-EAC93B856B2F} = {8C46760D-3EA8-457C-B624-AB1C3E369C53}
		{B90DB0D0-08D7-43A1-A008-4DADA029ED23} = {8C46760D-3EA8-457C-B624-AB1C3E369C53}
		{D5D81DB0-B5EB-49DE-BB7E-B288E3F01773} = {4BA31EF9-A0B5-4762-B503-F55EC35E6B82}
		{FF87B79E-68D4-4FC7-AD1D-3BAAA3071152} = {4BA31EF9-A0B5-4762-B503-F55EC35E6B82}
		{53B4603B-08D0-47C5-89AA-7E04D13AD89F} = {4BA31EF9-A0B5-4762-B503-F55EC35E6B82}
		{DBCE00FC-02D2-4F42-8330-172953E6112A} = {4BA31EF9-A0B5-4762-B503-F55EC35E6B82}
		{181C9892-6D1E-4D5A-9BC1-7F12BA4AFA53} = {93F4657B-2F49-4020-9E8D-536F88315A03}
	EndGlobalSection
	GlobalSection(ExtensibilityGlobals) = postSolution
		SolutionGuid = {8F347283-20BD-429F-9855-5ACDC01B8BAB}
	EndGlobalSection
EndGlobal
